[root]
name = "suricata"
version = "4.0.0"
dependencies = [
 "crc 1.4.0 (registry+https://github.com/rust-lang/crates.io-index)",
 "libc 0.2.28 (registry+https://github.com/rust-lang/crates.io-index)",
 "nom 3.0.0 (registry+https://github.com/rust-lang/crates.io-index)",
 "ntp-parser 0.1.5 (registry+https://github.com/rust-lang/crates.io-index)",
]

[[package]]
name = "crc"
version = "1.4.0"
source = "registry+https://github.com/rust-lang/crates.io-index"
dependencies = [
 "lazy_static 0.2.8 (registry+https://github.com/rust-lang/crates.io-index)",
]

[[package]]
name = "enum_primitive"
version = "0.1.1"
source = "registry+https://github.com/rust-lang/crates.io-index"
dependencies = [
 "num-traits 0.1.40 (registry+https://github.com/rust-lang/crates.io-index)",
]

[[package]]
name = "lazy_static"
version = "0.2.8"
source = "registry+https://github.com/rust-lang/crates.io-index"

[[package]]
name = "libc"
version = "0.2.28"
source = "registry+https://github.com/rust-lang/crates.io-index"

[[package]]
name = "nom"
version = "3.0.0"
source = "registry+https://github.com/rust-lang/crates.io-index"

[[package]]
name = "ntp-parser"
version = "0.1.5"
source = "registry+https://github.com/rust-lang/crates.io-index"
dependencies = [
 "enum_primitive 0.1.1 (registry+https://github.com/rust-lang/crates.io-index)",
 "nom 3.0.0 (registry+https://github.com/rust-lang/crates.io-index)",
]

[[package]]
name = "num-traits"
version = "0.1.40"
source = "registry+https://github.com/rust-lang/crates.io-index"

[metadata]
"checksum crc 1.4.0 (registry+https://github.com/rust-lang/crates.io-index)" = "bc1914fae6f18ae347320f0ba5e4fc270e17c037ea621fe41ec7e8adf67d11b0"
"checksum enum_primitive 0.1.1 (registry+https://github.com/rust-lang/crates.io-index)" = "be4551092f4d519593039259a9ed8daedf0da12e5109c5280338073eaeb81180"
"checksum lazy_static 0.2.8 (registry+https://github.com/rust-lang/crates.io-index)" = "3b37545ab726dd833ec6420aaba8231c5b320814b9029ad585555d2a03e94fbf"
"checksum libc 0.2.28 (registry+https://github.com/rust-lang/crates.io-index)" = "bb7b49972ee23d8aa1026c365a5b440ba08e35075f18c459980c7395c221ec48"
"checksum nom 3.0.0 (registry+https://github.com/rust-lang/crates.io-index)" = "5388009f277d5d889ee01f0ba92e3620c759402cdf52a8d40e9ac06969ee3c88"
"checksum ntp-parser 0.1.5 (registry+https://github.com/rust-lang/crates.io-index)" = "4941c04f0c52aa96071f686b425eacaa290dccfdfb992a0b36f72b5f9ac3df5e"
"checksum num-traits 0.1.40 (registry+https://github.com/rust-lang/crates.io-index)" = "99843c856d68d8b4313b03a17e33c4bb42ae8f6610ea81b28abe076ac721b9b0"
